
Microsoft Visual Studio Solution File, Format Version 12.00
# Visual Studio Version 17
VisualStudioVersion = 17.9.34728.123
MinimumVisualStudioVersion = 10.0.40219.1
Project("{FAE04EC0-301F-11D3-BF4B-00C04F79EFBC}") = "EntityProj", "EntityProj\EntityProj.csproj", "{327AA360-3190-465D-8445-75102A3C727D}"
EndProject
Global
	GlobalSection(SolutionConfigurationPlatforms) = preSolution
		Debug|Any CPU = Debug|Any CPU
		Release|Any CPU = Release|Any CPU
	EndGlobalSection
	GlobalSection(ProjectConfigurationPlatforms) = postSolution
		{327AA360-3190-465D-8445-75102A3C727D}.Debug|Any CPU.ActiveCfg = Debug|Any CPU
		{327AA360-3190-465D-8445-75102A3C727D}.Debug|Any CPU.Build.0 = Debug|Any CPU
		{327AA360-3190-465D-8445-75102A3C727D}.Release|Any CPU.ActiveCfg = Release|Any CPU
		{327AA360-3190-465D-8445-75102A3C727D}.Release|Any CPU.Build.0 = Release|Any CPU
	EndGlobalSection
	GlobalSection(SolutionProperties) = preSolution
		HideSolutionNode = FALSE
	EndGlobalSection
	GlobalSection(ExtensibilityGlobals) = postSolution
		SolutionGuid = {5797EB85-F4E6-4263-97A0-7A5A9BB04782}
	EndGlobalSection
EndGlobal
